
Microsoft Visual Studio Solution File, Format Version 12.00
# Visual Studio Version 16
VisualStudioVersion = 16.0.31129.286
MinimumVisualStudioVersion = 10.0.40219.1
Project("{FAE04EC0-301F-11D3-BF4B-00C04F79EFBC}") = "App1", "App1\App1.csproj", "{66AAEE06-72A7-46A2-B03F-A2C2D0204BD3}"
EndProject
Global
	GlobalSection(SolutionConfigurationPlatforms) = preSolution
		Debug|Any CPU = Debug|Any CPU
		Release|Any CPU = Release|Any CPU
	EndGlobalSection
	GlobalSection(ProjectConfigurationPlatforms) = postSolution
		{66AAEE06-72A7-46A2-B03F-A2C2D0204BD3}.Debug|Any CPU.ActiveCfg = Debug|Any CPU
		{66AAEE06-72A7-46A2-B03F-A2C2D0204BD3}.Debug|Any CPU.Build.0 = Debug|Any CPU
		{66AAEE06-72A7-46A2-B03F-A2C2D0204BD3}.Release|Any CPU.ActiveCfg = Release|Any CPU
		{66AAEE06-72A7-46A2-B03F-A2C2D0204BD3}.Release|Any CPU.Build.0 = Release|Any CPU
	EndGlobalSection
	GlobalSection(SolutionProperties) = preSolution
		HideSolutionNode = FALSE
	EndGlobalSection
	GlobalSection(ExtensibilityGlobals) = postSolution
		SolutionGuid = {D5300826-CFDD-424D-B4DA-6A4A1158E95B}
	EndGlobalSection
EndGlobal
