
Microsoft Visual Studio Solution File, Format Version 12.00
# Visual Studio Version 16
VisualStudioVersion = 16.0.31129.286
MinimumVisualStudioVersion = 10.0.40219.1
Project("{FAE04EC0-301F-11D3-BF4B-00C04F79EFBC}") = "Homework2", "Homework2\Homework2.csproj", "{6A728936-38F0-4513-9B20-DF60639ABB71}"
EndProject
Global
	GlobalSection(SolutionConfigurationPlatforms) = preSolution
		Debug|Any CPU = Debug|Any CPU
		Release|Any CPU = Release|Any CPU
	EndGlobalSection
	GlobalSection(ProjectConfigurationPlatforms) = postSolution
		{6A728936-38F0-4513-9B20-DF60639ABB71}.Debug|Any CPU.ActiveCfg = Debug|Any CPU
		{6A728936-38F0-4513-9B20-DF60639ABB71}.Debug|Any CPU.Build.0 = Debug|Any CPU
		{6A728936-38F0-4513-9B20-DF60639ABB71}.Release|Any CPU.ActiveCfg = Release|Any CPU
		{6A728936-38F0-4513-9B20-DF60639ABB71}.Release|Any CPU.Build.0 = Release|Any CPU
	EndGlobalSection
	GlobalSection(SolutionProperties) = preSolution
		HideSolutionNode = FALSE
	EndGlobalSection
	GlobalSection(ExtensibilityGlobals) = postSolution
		SolutionGuid = {5FFE5525-29EA-4C1A-B006-CFD93F4F7688}
	EndGlobalSection
EndGlobal
